
Microsoft Visual Studio Solution File, Format Version 12.00
# Visual Studio Version 16
VisualStudioVersion = 16.0.30611.23
MinimumVisualStudioVersion = 10.0.40219.1
Project("{FAE04EC0-301F-11D3-BF4B-00C04F79EFBC}") = "01_KomodoCafe_Repo", "01_KomodoCafe_Repo\01_KomodoCafe_Repo.csproj", "{73BC7686-BB9A-4AA2-9C58-CEF89392107B}"
EndProject
Project("{FAE04EC0-301F-11D3-BF4B-00C04F79EFBC}") = "01_CafeUI", "01_CafeUI\01_CafeUI.csproj", "{A3E98EA5-22C4-4945-B370-14793E29E25D}"
EndProject
Project("{FAE04EC0-301F-11D3-BF4B-00C04F79EFBC}") = "01_KomodoCafe_Tests", "01_KomodoCafe_Tests\01_KomodoCafe_Tests.csproj", "{25C4A76C-AB7C-4FB7-9C47-5AE247163511}"
EndProject
Project("{FAE04EC0-301F-11D3-BF4B-00C04F79EFBC}") = "02_KomodoBadge_Repo", "02_KomodoBadge_Repo\02_KomodoBadge_Repo.csproj", "{C7700976-0996-4402-AEBD-727DE3BC73C8}"
EndProject
Project("{FAE04EC0-301F-11D3-BF4B-00C04F79EFBC}") = "02_KomodoBadgeUI", "02_KomodoBadgeUI\02_KomodoBadgeUI.csproj", "{99E1711D-785A-471C-AF01-0462E474E659}"
EndProject
Project("{FAE04EC0-301F-11D3-BF4B-00C04F79EFBC}") = "02_KomodoBadge_Tests", "02_KomodoBadge_Tests\02_KomodoBadge_Tests.csproj", "{00B075D7-09FB-4156-BA31-D842153F87BD}"
EndProject
Global
	GlobalSection(SolutionConfigurationPlatforms) = preSolution
		Debug|Any CPU = Debug|Any CPU
		Release|Any CPU = Release|Any CPU
	EndGlobalSection
	GlobalSection(ProjectConfigurationPlatforms) = postSolution
		{73BC7686-BB9A-4AA2-9C58-CEF89392107B}.Debug|Any CPU.ActiveCfg = Debug|Any CPU
		{73BC7686-BB9A-4AA2-9C58-CEF89392107B}.Debug|Any CPU.Build.0 = Debug|Any CPU
		{73BC7686-BB9A-4AA2-9C58-CEF89392107B}.Release|Any CPU.ActiveCfg = Release|Any CPU
		{73BC7686-BB9A-4AA2-9C58-CEF89392107B}.Release|Any CPU.Build.0 = Release|Any CPU
		{A3E98EA5-22C4-4945-B370-14793E29E25D}.Debug|Any CPU.ActiveCfg = Debug|Any CPU
		{A3E98EA5-22C4-4945-B370-14793E29E25D}.Debug|Any CPU.Build.0 = Debug|Any CPU
		{A3E98EA5-22C4-4945-B370-14793E29E25D}.Release|Any CPU.ActiveCfg = Release|Any CPU
		{A3E98EA5-22C4-4945-B370-14793E29E25D}.Release|Any CPU.Build.0 = Release|Any CPU
		{25C4A76C-AB7C-4FB7-9C47-5AE247163511}.Debug|Any CPU.ActiveCfg = Debug|Any CPU
		{25C4A76C-AB7C-4FB7-9C47-5AE247163511}.Debug|Any CPU.Build.0 = Debug|Any CPU
		{25C4A76C-AB7C-4FB7-9C47-5AE247163511}.Release|Any CPU.ActiveCfg = Release|Any CPU
		{25C4A76C-AB7C-4FB7-9C47-5AE247163511}.Release|Any CPU.Build.0 = Release|Any CPU
		{C7700976-0996-4402-AEBD-727DE3BC73C8}.Debug|Any CPU.ActiveCfg = Debug|Any CPU
		{C7700976-0996-4402-AEBD-727DE3BC73C8}.Debug|Any CPU.Build.0 = Debug|Any CPU
		{C7700976-0996-4402-AEBD-727DE3BC73C8}.Release|Any CPU.ActiveCfg = Release|Any CPU
		{C7700976-0996-4402-AEBD-727DE3BC73C8}.Release|Any CPU.Build.0 = Release|Any CPU
		{99E1711D-785A-471C-AF01-0462E474E659}.Debug|Any CPU.ActiveCfg = Debug|Any CPU
		{99E1711D-785A-471C-AF01-0462E474E659}.Debug|Any CPU.Build.0 = Debug|Any CPU
		{99E1711D-785A-471C-AF01-0462E474E659}.Release|Any CPU.ActiveCfg = Release|Any CPU
		{99E1711D-785A-471C-AF01-0462E474E659}.Release|Any CPU.Build.0 = Release|Any CPU
		{00B075D7-09FB-4156-BA31-D842153F87BD}.Debug|Any CPU.ActiveCfg = Debug|Any CPU
		{00B075D7-09FB-4156-BA31-D842153F87BD}.Debug|Any CPU.Build.0 = Debug|Any CPU
		{00B075D7-09FB-4156-BA31-D842153F87BD}.Release|Any CPU.ActiveCfg = Release|Any CPU
		{00B075D7-09FB-4156-BA31-D842153F87BD}.Release|Any CPU.Build.0 = Release|Any CPU
	EndGlobalSection
	GlobalSection(SolutionProperties) = preSolution
		HideSolutionNode = FALSE
	EndGlobalSection
	GlobalSection(ExtensibilityGlobals) = postSolution
		SolutionGuid = {3DAED22D-0C03-46B0-8DAD-2F8A4AABC2DE}
	EndGlobalSection
EndGlobal
