
Microsoft Visual Studio Solution File, Format Version 12.00
# Visual Studio Version 16
VisualStudioVersion = 16.0.30611.23
MinimumVisualStudioVersion = 10.0.40219.1
Project("{FAE04EC0-301F-11D3-BF4B-00C04F79EFBC}") = "01_KomodoCafe_Repo", "01_KomodoCafe_Repo\01_KomodoCafe_Repo.csproj", "{73BC7686-BB9A-4AA2-9C58-CEF89392107B}"
EndProject
Project("{FAE04EC0-301F-11D3-BF4B-00C04F79EFBC}") = "01_CafeUI", "01_CafeUI\01_CafeUI.csproj", "{A3E98EA5-22C4-4945-B370-14793E29E25D}"
EndProject
Project("{FAE04EC0-301F-11D3-BF4B-00C04F79EFBC}") = "01_KomodoCafe_Tests", "01_KomodoCafe_Tests\01_KomodoCafe_Tests.csproj", "{25C4A76C-AB7C-4FB7-9C47-5AE247163511}"
EndProject
Project("{FAE04EC0-301F-11D3-BF4B-00C04F79EFBC}") = "03_KomodoGreen_Repo", "03_KomodoGreen_Repo\03_KomodoGreen_Repo.csproj", "{88FA4B21-92F7-42A4-967A-F413167706F3}"
EndProject
Project("{FAE04EC0-301F-11D3-BF4B-00C04F79EFBC}") = "03_KomodoGreenUI", "03_KomodoGreenUI\03_KomodoGreenUI.csproj", "{922DEDBE-912B-4F8F-BAEA-77F521DBCFFA}"
EndProject
Project("{FAE04EC0-301F-11D3-BF4B-00C04F79EFBC}") = "03_KomodoGreen_Tests", "03_KomodoGreen_Tests\03_KomodoGreen_Tests.csproj", "{FD76F147-1481-42C4-8B74-6028FCAD1BAE}"
EndProject
Project("{FAE04EC0-301F-11D3-BF4B-00C04F79EFBC}") = "02_KIClaims_Repo", "02_KIClaims_Repo\02_KIClaims_Repo.csproj", "{DF2DCD04-CF28-47F5-B60A-1960C6DDD383}"
EndProject
Project("{FAE04EC0-301F-11D3-BF4B-00C04F79EFBC}") = "02_KIClaimsUI", "02_KIClaimsUI\02_KIClaimsUI.csproj", "{3235F417-8892-4BCE-B132-1023BC0FA565}"
EndProject
Project("{FAE04EC0-301F-11D3-BF4B-00C04F79EFBC}") = "02_KIClaims_Tests", "02_KIClaims_Tests\02_KIClaims_Tests.csproj", "{7D9ABA6D-2D7E-4F3D-B25E-966512A8C345}"
EndProject
Project("{FAE04EC0-301F-11D3-BF4B-00C04F79EFBC}") = "04_KomodoOutings_Repo", "04_KomodoOutings_Repo\04_KomodoOutings_Repo.csproj", "{F413E7C7-9CEC-4822-88F3-1653D0E440BB}"
EndProject
Project("{FAE04EC0-301F-11D3-BF4B-00C04F79EFBC}") = "04_KomodoOutingsUI", "04_KomodoOutingsUI\04_KomodoOutingsUI.csproj", "{7FB7E486-47E0-4BD2-8B1D-3BDE02CE02A9}"
EndProject
Project("{FAE04EC0-301F-11D3-BF4B-00C04F79EFBC}") = "04_KomodoOutings_Tests", "04_KomodoOutings_Tests\04_KomodoOutings_Tests.csproj", "{7718B624-6E47-4B4E-BB3A-3BA81DA9B33D}"
EndProject
Project("{2150E333-8FDC-42A3-9474-1A3956D46DE8}") = "Solution Items", "Solution Items", "{E776D003-5DF7-4CF7-B281-B99EBCDF3776}"
	ProjectSection(SolutionItems) = preProject
		README.md = README.md
	EndProjectSection
EndProject
Global
	GlobalSection(SolutionConfigurationPlatforms) = preSolution
		Debug|Any CPU = Debug|Any CPU
		Release|Any CPU = Release|Any CPU
	EndGlobalSection
	GlobalSection(ProjectConfigurationPlatforms) = postSolution
		{73BC7686-BB9A-4AA2-9C58-CEF89392107B}.Debug|Any CPU.ActiveCfg = Debug|Any CPU
		{73BC7686-BB9A-4AA2-9C58-CEF89392107B}.Debug|Any CPU.Build.0 = Debug|Any CPU
		{73BC7686-BB9A-4AA2-9C58-CEF89392107B}.Release|Any CPU.ActiveCfg = Release|Any CPU
		{73BC7686-BB9A-4AA2-9C58-CEF89392107B}.Release|Any CPU.Build.0 = Release|Any CPU
		{A3E98EA5-22C4-4945-B370-14793E29E25D}.Debug|Any CPU.ActiveCfg = Debug|Any CPU
		{A3E98EA5-22C4-4945-B370-14793E29E25D}.Debug|Any CPU.Build.0 = Debug|Any CPU
		{A3E98EA5-22C4-4945-B370-14793E29E25D}.Release|Any CPU.ActiveCfg = Release|Any CPU
		{A3E98EA5-22C4-4945-B370-14793E29E25D}.Release|Any CPU.Build.0 = Release|Any CPU
		{25C4A76C-AB7C-4FB7-9C47-5AE247163511}.Debug|Any CPU.ActiveCfg = Debug|Any CPU
		{25C4A76C-AB7C-4FB7-9C47-5AE247163511}.Debug|Any CPU.Build.0 = Debug|Any CPU
		{25C4A76C-AB7C-4FB7-9C47-5AE247163511}.Release|Any CPU.ActiveCfg = Release|Any CPU
		{25C4A76C-AB7C-4FB7-9C47-5AE247163511}.Release|Any CPU.Build.0 = Release|Any CPU
		{88FA4B21-92F7-42A4-967A-F413167706F3}.Debug|Any CPU.ActiveCfg = Debug|Any CPU
		{88FA4B21-92F7-42A4-967A-F413167706F3}.Debug|Any CPU.Build.0 = Debug|Any CPU
		{88FA4B21-92F7-42A4-967A-F413167706F3}.Release|Any CPU.ActiveCfg = Release|Any CPU
		{88FA4B21-92F7-42A4-967A-F413167706F3}.Release|Any CPU.Build.0 = Release|Any CPU
		{922DEDBE-912B-4F8F-BAEA-77F521DBCFFA}.Debug|Any CPU.ActiveCfg = Debug|Any CPU
		{922DEDBE-912B-4F8F-BAEA-77F521DBCFFA}.Debug|Any CPU.Build.0 = Debug|Any CPU
		{922DEDBE-912B-4F8F-BAEA-77F521DBCFFA}.Release|Any CPU.ActiveCfg = Release|Any CPU
		{922DEDBE-912B-4F8F-BAEA-77F521DBCFFA}.Release|Any CPU.Build.0 = Release|Any CPU
		{FD76F147-1481-42C4-8B74-6028FCAD1BAE}.Debug|Any CPU.ActiveCfg = Debug|Any CPU
		{FD76F147-1481-42C4-8B74-6028FCAD1BAE}.Debug|Any CPU.Build.0 = Debug|Any CPU
		{FD76F147-1481-42C4-8B74-6028FCAD1BAE}.Release|Any CPU.ActiveCfg = Release|Any CPU
		{FD76F147-1481-42C4-8B74-6028FCAD1BAE}.Release|Any CPU.Build.0 = Release|Any CPU
		{DF2DCD04-CF28-47F5-B60A-1960C6DDD383}.Debug|Any CPU.ActiveCfg = Debug|Any CPU
		{DF2DCD04-CF28-47F5-B60A-1960C6DDD383}.Debug|Any CPU.Build.0 = Debug|Any CPU
		{DF2DCD04-CF28-47F5-B60A-1960C6DDD383}.Release|Any CPU.ActiveCfg = Release|Any CPU
		{DF2DCD04-CF28-47F5-B60A-1960C6DDD383}.Release|Any CPU.Build.0 = Release|Any CPU
		{3235F417-8892-4BCE-B132-1023BC0FA565}.Debug|Any CPU.ActiveCfg = Debug|Any CPU
		{3235F417-8892-4BCE-B132-1023BC0FA565}.Debug|Any CPU.Build.0 = Debug|Any CPU
		{3235F417-8892-4BCE-B132-1023BC0FA565}.Release|Any CPU.ActiveCfg = Release|Any CPU
		{3235F417-8892-4BCE-B132-1023BC0FA565}.Release|Any CPU.Build.0 = Release|Any CPU
		{7D9ABA6D-2D7E-4F3D-B25E-966512A8C345}.Debug|Any CPU.ActiveCfg = Debug|Any CPU
		{7D9ABA6D-2D7E-4F3D-B25E-966512A8C345}.Debug|Any CPU.Build.0 = Debug|Any CPU
		{7D9ABA6D-2D7E-4F3D-B25E-966512A8C345}.Release|Any CPU.ActiveCfg = Release|Any CPU
		{7D9ABA6D-2D7E-4F3D-B25E-966512A8C345}.Release|Any CPU.Build.0 = Release|Any CPU
		{F413E7C7-9CEC-4822-88F3-1653D0E440BB}.Debug|Any CPU.ActiveCfg = Debug|Any CPU
		{F413E7C7-9CEC-4822-88F3-1653D0E440BB}.Debug|Any CPU.Build.0 = Debug|Any CPU
		{F413E7C7-9CEC-4822-88F3-1653D0E440BB}.Release|Any CPU.ActiveCfg = Release|Any CPU
		{F413E7C7-9CEC-4822-88F3-1653D0E440BB}.Release|Any CPU.Build.0 = Release|Any CPU
		{7FB7E486-47E0-4BD2-8B1D-3BDE02CE02A9}.Debug|Any CPU.ActiveCfg = Debug|Any CPU
		{7FB7E486-47E0-4BD2-8B1D-3BDE02CE02A9}.Debug|Any CPU.Build.0 = Debug|Any CPU
		{7FB7E486-47E0-4BD2-8B1D-3BDE02CE02A9}.Release|Any CPU.ActiveCfg = Release|Any CPU
		{7FB7E486-47E0-4BD2-8B1D-3BDE02CE02A9}.Release|Any CPU.Build.0 = Release|Any CPU
		{7718B624-6E47-4B4E-BB3A-3BA81DA9B33D}.Debug|Any CPU.ActiveCfg = Debug|Any CPU
		{7718B624-6E47-4B4E-BB3A-3BA81DA9B33D}.Debug|Any CPU.Build.0 = Debug|Any CPU
		{7718B624-6E47-4B4E-BB3A-3BA81DA9B33D}.Release|Any CPU.ActiveCfg = Release|Any CPU
		{7718B624-6E47-4B4E-BB3A-3BA81DA9B33D}.Release|Any CPU.Build.0 = Release|Any CPU
	EndGlobalSection
	GlobalSection(SolutionProperties) = preSolution
		HideSolutionNode = FALSE
	EndGlobalSection
	GlobalSection(ExtensibilityGlobals) = postSolution
		SolutionGuid = {3DAED22D-0C03-46B0-8DAD-2F8A4AABC2DE}
	EndGlobalSection
EndGlobal
